
Microsoft Visual Studio Solution File, Format Version 12.00
# Visual Studio 14
VisualStudioVersion = 14.0.25420.1
MinimumVisualStudioVersion = 10.0.40219.1
Project("{FAE04EC0-301F-11D3-BF4B-00C04F79EFBC}") = "MseberaLib", "MseberaLib\MseberaLib.csproj", "{B81CACD8-45B3-4E03-B803-BEA2953A99BB}"
EndProject
Global
	GlobalSection(SolutionConfigurationPlatforms) = preSolution
		Debug|Any CPU = Debug|Any CPU
		Release|Any CPU = Release|Any CPU
	EndGlobalSection
	GlobalSection(ProjectConfigurationPlatforms) = postSolution
		{B81CACD8-45B3-4E03-B803-BEA2953A99BB}.Debug|Any CPU.ActiveCfg = Debug|Any CPU
		{B81CACD8-45B3-4E03-B803-BEA2953A99BB}.Debug|Any CPU.Build.0 = Debug|Any CPU
		{B81CACD8-45B3-4E03-B803-BEA2953A99BB}.Release|Any CPU.ActiveCfg = Release|Any CPU
		{B81CACD8-45B3-4E03-B803-BEA2953A99BB}.Release|Any CPU.Build.0 = Release|Any CPU
	EndGlobalSection
	GlobalSection(SolutionProperties) = preSolution
		HideSolutionNode = FALSE
	EndGlobalSection
EndGlobal
